
Microsoft Visual Studio Solution File, Format Version 12.00
# Visual Studio 15
VisualStudioVersion = 15.0.27428.2005
MinimumVisualStudioVersion = 10.0.40219.1
Project("{FAE04EC0-301F-11D3-BF4B-00C04F79EFBC}") = "B18Ex05.Checkers.View", "B18Ex05.Checkers.View\B18Ex05.Checkers.View.csproj", "{575683AE-DE86-4169-B3D6-960B8C0E4A54}"
EndProject
Project("{FAE04EC0-301F-11D3-BF4B-00C04F79EFBC}") = "B18Ex05.Checkers.Controller", "B18Ex05.Checkers.Controller\B18Ex05.Checkers.Controller.csproj", "{C7B2DE5E-DAB3-4384-949E-BD871F4C2143}"
EndProject
Project("{FAE04EC0-301F-11D3-BF4B-00C04F79EFBC}") = "B18Ex05.Checkers.Model", "B18Ex05.Checkers.Model\B18Ex05.Checkers.Model.csproj", "{2A1ACE24-F8B4-46C7-949E-AFB5F33A30D4}"
EndProject
Project("{FAE04EC0-301F-11D3-BF4B-00C04F79EFBC}") = "B18Ex05.Checkers.Game", "B18Ex05.Checkers.Game\B18Ex05.Checkers.Game.csproj", "{EBB373BA-CBCF-4355-9B9D-7914195BF3AE}"
EndProject
Global
	GlobalSection(SolutionConfigurationPlatforms) = preSolution
		Debug|Any CPU = Debug|Any CPU
		Release|Any CPU = Release|Any CPU
	EndGlobalSection
	GlobalSection(ProjectConfigurationPlatforms) = postSolution
		{575683AE-DE86-4169-B3D6-960B8C0E4A54}.Debug|Any CPU.ActiveCfg = Debug|Any CPU
		{575683AE-DE86-4169-B3D6-960B8C0E4A54}.Debug|Any CPU.Build.0 = Debug|Any CPU
		{575683AE-DE86-4169-B3D6-960B8C0E4A54}.Release|Any CPU.ActiveCfg = Release|Any CPU
		{575683AE-DE86-4169-B3D6-960B8C0E4A54}.Release|Any CPU.Build.0 = Release|Any CPU
		{C7B2DE5E-DAB3-4384-949E-BD871F4C2143}.Debug|Any CPU.ActiveCfg = Debug|Any CPU
		{C7B2DE5E-DAB3-4384-949E-BD871F4C2143}.Debug|Any CPU.Build.0 = Debug|Any CPU
		{C7B2DE5E-DAB3-4384-949E-BD871F4C2143}.Release|Any CPU.ActiveCfg = Release|Any CPU
		{C7B2DE5E-DAB3-4384-949E-BD871F4C2143}.Release|Any CPU.Build.0 = Release|Any CPU
		{2A1ACE24-F8B4-46C7-949E-AFB5F33A30D4}.Debug|Any CPU.ActiveCfg = Debug|Any CPU
		{2A1ACE24-F8B4-46C7-949E-AFB5F33A30D4}.Debug|Any CPU.Build.0 = Debug|Any CPU
		{2A1ACE24-F8B4-46C7-949E-AFB5F33A30D4}.Release|Any CPU.ActiveCfg = Release|Any CPU
		{2A1ACE24-F8B4-46C7-949E-AFB5F33A30D4}.Release|Any CPU.Build.0 = Release|Any CPU
		{EBB373BA-CBCF-4355-9B9D-7914195BF3AE}.Debug|Any CPU.ActiveCfg = Debug|Any CPU
		{EBB373BA-CBCF-4355-9B9D-7914195BF3AE}.Debug|Any CPU.Build.0 = Debug|Any CPU
		{EBB373BA-CBCF-4355-9B9D-7914195BF3AE}.Release|Any CPU.ActiveCfg = Release|Any CPU
		{EBB373BA-CBCF-4355-9B9D-7914195BF3AE}.Release|Any CPU.Build.0 = Release|Any CPU
	EndGlobalSection
	GlobalSection(SolutionProperties) = preSolution
		HideSolutionNode = FALSE
	EndGlobalSection
	GlobalSection(ExtensibilityGlobals) = postSolution
		SolutionGuid = {50B512A1-BEE2-4B9D-A675-6FD641696E70}
	EndGlobalSection
EndGlobal
